
Microsoft Visual Studio Solution File, Format Version 12.00
# Visual Studio 15
VisualStudioVersion = 15.0.28307.271
MinimumVisualStudioVersion = 10.0.40219.1
Project("{FAE04EC0-301F-11D3-BF4B-00C04F79EFBC}") = "HelloOldDriver", "HelloOldDriver\HelloOldDriver.csproj", "{5F29D13D-DBA3-4F9F-A13E-188AB9D1FBF7}"
EndProject
Global
	GlobalSection(SolutionConfigurationPlatforms) = preSolution
		Debug|Any CPU = Debug|Any CPU
		Release|Any CPU = Release|Any CPU
	EndGlobalSection
	GlobalSection(ProjectConfigurationPlatforms) = postSolution
		{5F29D13D-DBA3-4F9F-A13E-188AB9D1FBF7}.Debug|Any CPU.ActiveCfg = Debug|Any CPU
		{5F29D13D-DBA3-4F9F-A13E-188AB9D1FBF7}.Debug|Any CPU.Build.0 = Debug|Any CPU
		{5F29D13D-DBA3-4F9F-A13E-188AB9D1FBF7}.Release|Any CPU.ActiveCfg = Release|Any CPU
		{5F29D13D-DBA3-4F9F-A13E-188AB9D1FBF7}.Release|Any CPU.Build.0 = Release|Any CPU
	EndGlobalSection
	GlobalSection(SolutionProperties) = preSolution
		HideSolutionNode = FALSE
	EndGlobalSection
	GlobalSection(ExtensibilityGlobals) = postSolution
		SolutionGuid = {B304A178-CA98-43C3-83D5-17E77FEF1D5D}
	EndGlobalSection
EndGlobal
